
Microsoft Visual Studio Solution File, Format Version 12.00
# Visual Studio 15
VisualStudioVersion = 15.0.28307.421
MinimumVisualStudioVersion = 10.0.40219.1
Project("{8BC9CEB8-8B4A-11D0-8D11-00A0C91BC942}") = "DataStructureProject", "DataStructureProject\DataStructureProject.vcxproj", "{FACB6DF7-9964-455F-9D6B-90203A81C5B5}"
EndProject
Global
	GlobalSection(SolutionConfigurationPlatforms) = preSolution
		Debug|x64 = Debug|x64
		Debug|x86 = Debug|x86
		Release|x64 = Release|x64
		Release|x86 = Release|x86
	EndGlobalSection
	GlobalSection(ProjectConfigurationPlatforms) = postSolution
		{FACB6DF7-9964-455F-9D6B-90203A81C5B5}.Debug|x64.ActiveCfg = Debug|x64
		{FACB6DF7-9964-455F-9D6B-90203A81C5B5}.Debug|x64.Build.0 = Debug|x64
		{FACB6DF7-9964-455F-9D6B-90203A81C5B5}.Debug|x86.ActiveCfg = Debug|Win32
		{FACB6DF7-9964-455F-9D6B-90203A81C5B5}.Debug|x86.Build.0 = Debug|Win32
		{FACB6DF7-9964-455F-9D6B-90203A81C5B5}.Release|x64.ActiveCfg = Release|x64
		{FACB6DF7-9964-455F-9D6B-90203A81C5B5}.Release|x64.Build.0 = Release|x64
		{FACB6DF7-9964-455F-9D6B-90203A81C5B5}.Release|x86.ActiveCfg = Release|Win32
		{FACB6DF7-9964-455F-9D6B-90203A81C5B5}.Release|x86.Build.0 = Release|Win32
	EndGlobalSection
	GlobalSection(SolutionProperties) = preSolution
		HideSolutionNode = FALSE
	EndGlobalSection
	GlobalSection(ExtensibilityGlobals) = postSolution
		SolutionGuid = {48A1BEDC-EFB4-48D8-9B82-5231243BFFE1}
	EndGlobalSection
EndGlobal
